
Microsoft Visual Studio Solution File, Format Version 12.00
# Visual Studio Version 17
VisualStudioVersion = 17.14.36221.1 d17.14
MinimumVisualStudioVersion = 10.0.40219.1
Project("{FAE04EC0-301F-11D3-BF4B-00C04F79EFBC}") = "WebscrapingEZDRP", "WebscrapingEZDRP\WebscrapingEZDRP.csproj", "{F09F7D03-1F2C-4728-8A09-C737888538D0}"
EndProject
Global
	GlobalSection(SolutionConfigurationPlatforms) = preSolution
		Debug|Any CPU = Debug|Any CPU
		Release|Any CPU = Release|Any CPU
	EndGlobalSection
	GlobalSection(ProjectConfigurationPlatforms) = postSolution
		{F09F7D03-1F2C-4728-8A09-C737888538D0}.Debug|Any CPU.ActiveCfg = Debug|Any CPU
		{F09F7D03-1F2C-4728-8A09-C737888538D0}.Debug|Any CPU.Build.0 = Debug|Any CPU
		{F09F7D03-1F2C-4728-8A09-C737888538D0}.Release|Any CPU.ActiveCfg = Release|Any CPU
		{F09F7D03-1F2C-4728-8A09-C737888538D0}.Release|Any CPU.Build.0 = Release|Any CPU
	EndGlobalSection
	GlobalSection(SolutionProperties) = preSolution
		HideSolutionNode = FALSE
	EndGlobalSection
	GlobalSection(ExtensibilityGlobals) = postSolution
		SolutionGuid = {5492499D-0488-4B62-8422-7C7D2FF9706A}
	EndGlobalSection
EndGlobal
